
Microsoft Visual Studio Solution File, Format Version 12.00
# Visual Studio 14
VisualStudioVersion = 14.0.25123.0
MinimumVisualStudioVersion = 10.0.40219.1
Project("{FAE04EC0-301F-11D3-BF4B-00C04F79EFBC}") = "NLogReader.WebAPI", "NLogReader.WebAPI\NLogReader.WebAPI.csproj", "{BA4F0C5E-4407-42FC-BAB7-B0059BA9B940}"
EndProject
Project("{FAE04EC0-301F-11D3-BF4B-00C04F79EFBC}") = "NLogReader.Library", "NLogReader.Library\NLogReader.Library.csproj", "{D4BB7BD4-4086-43F3-BC38-E2F78C227E50}"
EndProject
Project("{FAE04EC0-301F-11D3-BF4B-00C04F79EFBC}") = "NLogReader.Library.Tests", "NLogReader.Library.Tests\NLogReader.Library.Tests.csproj", "{6CC4D233-02E4-45C1-AF74-2241DCB16441}"
EndProject
Global
	GlobalSection(SolutionConfigurationPlatforms) = preSolution
		Debug|Any CPU = Debug|Any CPU
		Release|Any CPU = Release|Any CPU
	EndGlobalSection
	GlobalSection(ProjectConfigurationPlatforms) = postSolution
		{BA4F0C5E-4407-42FC-BAB7-B0059BA9B940}.Debug|Any CPU.ActiveCfg = Debug|Any CPU
		{BA4F0C5E-4407-42FC-BAB7-B0059BA9B940}.Debug|Any CPU.Build.0 = Debug|Any CPU
		{BA4F0C5E-4407-42FC-BAB7-B0059BA9B940}.Release|Any CPU.ActiveCfg = Release|Any CPU
		{BA4F0C5E-4407-42FC-BAB7-B0059BA9B940}.Release|Any CPU.Build.0 = Release|Any CPU
		{D4BB7BD4-4086-43F3-BC38-E2F78C227E50}.Debug|Any CPU.ActiveCfg = Debug|Any CPU
		{D4BB7BD4-4086-43F3-BC38-E2F78C227E50}.Debug|Any CPU.Build.0 = Debug|Any CPU
		{D4BB7BD4-4086-43F3-BC38-E2F78C227E50}.Release|Any CPU.ActiveCfg = Release|Any CPU
		{D4BB7BD4-4086-43F3-BC38-E2F78C227E50}.Release|Any CPU.Build.0 = Release|Any CPU
		{6CC4D233-02E4-45C1-AF74-2241DCB16441}.Debug|Any CPU.ActiveCfg = Debug|Any CPU
		{6CC4D233-02E4-45C1-AF74-2241DCB16441}.Debug|Any CPU.Build.0 = Debug|Any CPU
		{6CC4D233-02E4-45C1-AF74-2241DCB16441}.Release|Any CPU.ActiveCfg = Release|Any CPU
		{6CC4D233-02E4-45C1-AF74-2241DCB16441}.Release|Any CPU.Build.0 = Release|Any CPU
	EndGlobalSection
	GlobalSection(SolutionProperties) = preSolution
		HideSolutionNode = FALSE
	EndGlobalSection
EndGlobal
